
Microsoft Visual Studio Solution File, Format Version 12.00
# Visual Studio 15
VisualStudioVersion = 15.0.27428.2027
MinimumVisualStudioVersion = 10.0.40219.1
Project("{FAE04EC0-301F-11D3-BF4B-00C04F79EFBC}") = "PaypalTutorial", "PaypalTutorial\PaypalTutorial.csproj", "{8C05E0E2-6E11-4E4E-9C2B-82110B6FCBDB}"
EndProject
Global
	GlobalSection(SolutionConfigurationPlatforms) = preSolution
		Debug|Any CPU = Debug|Any CPU
		Release|Any CPU = Release|Any CPU
	EndGlobalSection
	GlobalSection(ProjectConfigurationPlatforms) = postSolution
		{8C05E0E2-6E11-4E4E-9C2B-82110B6FCBDB}.Debug|Any CPU.ActiveCfg = Debug|Any CPU
		{8C05E0E2-6E11-4E4E-9C2B-82110B6FCBDB}.Debug|Any CPU.Build.0 = Debug|Any CPU
		{8C05E0E2-6E11-4E4E-9C2B-82110B6FCBDB}.Release|Any CPU.ActiveCfg = Release|Any CPU
		{8C05E0E2-6E11-4E4E-9C2B-82110B6FCBDB}.Release|Any CPU.Build.0 = Release|Any CPU
	EndGlobalSection
	GlobalSection(SolutionProperties) = preSolution
		HideSolutionNode = FALSE
	EndGlobalSection
	GlobalSection(ExtensibilityGlobals) = postSolution
		SolutionGuid = {5DDCEE6E-7DCD-4D2F-9124-65310A7BC776}
	EndGlobalSection
EndGlobal
